
Microsoft Visual Studio Solution File, Format Version 12.00
# Visual Studio 14
VisualStudioVersion = 14.0.23107.0
MinimumVisualStudioVersion = 10.0.40219.1
Project("{2150E333-8FDC-42A3-9474-1A3956D46DE8}") = "src", "src", "{033FA3A3-F2E2-4592-91B1-0DD4EA3059D6}"
EndProject
Project("{2150E333-8FDC-42A3-9474-1A3956D46DE8}") = "Solution Items", "Solution Items", "{4C1AB4FE-CDE1-4816-B194-51674A5E6504}"
	ProjectSection(SolutionItems) = preProject
		global.json = global.json
	EndProjectSection
EndProject
Project("{8BB2217D-0F2D-49D1-97BC-3654ED321F3B}") = "DocuSign", "src\DocuSign\DocuSign.xproj", "{A0865B3C-0F97-4DAC-98C3-E9FBF2C9E78A}"
EndProject
Global
	GlobalSection(SolutionConfigurationPlatforms) = preSolution
		Debug|Any CPU = Debug|Any CPU
		Release|Any CPU = Release|Any CPU
	EndGlobalSection
	GlobalSection(ProjectConfigurationPlatforms) = postSolution
		{A0865B3C-0F97-4DAC-98C3-E9FBF2C9E78A}.Debug|Any CPU.ActiveCfg = Debug|Any CPU
		{A0865B3C-0F97-4DAC-98C3-E9FBF2C9E78A}.Debug|Any CPU.Build.0 = Debug|Any CPU
		{A0865B3C-0F97-4DAC-98C3-E9FBF2C9E78A}.Release|Any CPU.ActiveCfg = Release|Any CPU
		{A0865B3C-0F97-4DAC-98C3-E9FBF2C9E78A}.Release|Any CPU.Build.0 = Release|Any CPU
	EndGlobalSection
	GlobalSection(SolutionProperties) = preSolution
		HideSolutionNode = FALSE
	EndGlobalSection
	GlobalSection(NestedProjects) = preSolution
		{A0865B3C-0F97-4DAC-98C3-E9FBF2C9E78A} = {033FA3A3-F2E2-4592-91B1-0DD4EA3059D6}
	EndGlobalSection
EndGlobal
